
Microsoft Visual Studio Solution File, Format Version 12.00
# Visual Studio Version 16
VisualStudioVersion = 16.0.30517.126
MinimumVisualStudioVersion = 10.0.40219.1
Project("{FAE04EC0-301F-11D3-BF4B-00C04F79EFBC}") = "Blood Donor Portal", "Blood Donor Portal\Blood Donor Portal.csproj", "{E65C7FA5-1340-48D8-A824-0081F3CFC839}"
EndProject
Global
	GlobalSection(SolutionConfigurationPlatforms) = preSolution
		Debug|Any CPU = Debug|Any CPU
		Release|Any CPU = Release|Any CPU
	EndGlobalSection
	GlobalSection(ProjectConfigurationPlatforms) = postSolution
		{E65C7FA5-1340-48D8-A824-0081F3CFC839}.Debug|Any CPU.ActiveCfg = Debug|Any CPU
		{E65C7FA5-1340-48D8-A824-0081F3CFC839}.Debug|Any CPU.Build.0 = Debug|Any CPU
		{E65C7FA5-1340-48D8-A824-0081F3CFC839}.Release|Any CPU.ActiveCfg = Release|Any CPU
		{E65C7FA5-1340-48D8-A824-0081F3CFC839}.Release|Any CPU.Build.0 = Release|Any CPU
	EndGlobalSection
	GlobalSection(SolutionProperties) = preSolution
		HideSolutionNode = FALSE
	EndGlobalSection
	GlobalSection(ExtensibilityGlobals) = postSolution
		SolutionGuid = {8DB3C5A7-215F-4223-B4B9-2ABC0D0EA43C}
	EndGlobalSection
EndGlobal
